
Microsoft Visual Studio Solution File, Format Version 12.00
# Visual Studio Version 16
VisualStudioVersion = 16.0.30309.148
MinimumVisualStudioVersion = 10.0.40219.1
Project("{FAE04EC0-301F-11D3-BF4B-00C04F79EFBC}") = "serverlessmonitor", "serverlessmonitor.csproj", "{52CFC5DC-D43D-453C-AC9F-88811CFAB764}"
EndProject
Global
	GlobalSection(SolutionConfigurationPlatforms) = preSolution
		Debug|Any CPU = Debug|Any CPU
		Release|Any CPU = Release|Any CPU
	EndGlobalSection
	GlobalSection(ProjectConfigurationPlatforms) = postSolution
		{52CFC5DC-D43D-453C-AC9F-88811CFAB764}.Debug|Any CPU.ActiveCfg = Debug|Any CPU
		{52CFC5DC-D43D-453C-AC9F-88811CFAB764}.Debug|Any CPU.Build.0 = Debug|Any CPU
		{52CFC5DC-D43D-453C-AC9F-88811CFAB764}.Release|Any CPU.ActiveCfg = Release|Any CPU
		{52CFC5DC-D43D-453C-AC9F-88811CFAB764}.Release|Any CPU.Build.0 = Release|Any CPU
	EndGlobalSection
	GlobalSection(SolutionProperties) = preSolution
		HideSolutionNode = FALSE
	EndGlobalSection
	GlobalSection(ExtensibilityGlobals) = postSolution
		SolutionGuid = {F098CB30-038E-46D3-AB93-B38B68222358}
	EndGlobalSection
EndGlobal
